
Microsoft Visual Studio Solution File, Format Version 12.00
# Visual Studio 15
VisualStudioVersion = 15.0.27703.2042
MinimumVisualStudioVersion = 10.0.40219.1
Project("{FAE04EC0-301F-11D3-BF4B-00C04F79EFBC}") = "TalkClient", "TalkClient\TalkClient.csproj", "{B1B847CE-40B9-4724-B133-A1FD827B392E}"
EndProject
Project("{FAE04EC0-301F-11D3-BF4B-00C04F79EFBC}") = "ConsoleApp1", "ConsoleApp1\ConsoleApp1.csproj", "{DB6227EC-5BDD-4F4C-A171-B1C94C8B2A49}"
EndProject
Global
	GlobalSection(SolutionConfigurationPlatforms) = preSolution
		Debug|Any CPU = Debug|Any CPU
		Release|Any CPU = Release|Any CPU
	EndGlobalSection
	GlobalSection(ProjectConfigurationPlatforms) = postSolution
		{B1B847CE-40B9-4724-B133-A1FD827B392E}.Debug|Any CPU.ActiveCfg = Debug|Any CPU
		{B1B847CE-40B9-4724-B133-A1FD827B392E}.Debug|Any CPU.Build.0 = Debug|Any CPU
		{B1B847CE-40B9-4724-B133-A1FD827B392E}.Release|Any CPU.ActiveCfg = Release|Any CPU
		{B1B847CE-40B9-4724-B133-A1FD827B392E}.Release|Any CPU.Build.0 = Release|Any CPU
		{DB6227EC-5BDD-4F4C-A171-B1C94C8B2A49}.Debug|Any CPU.ActiveCfg = Debug|Any CPU
		{DB6227EC-5BDD-4F4C-A171-B1C94C8B2A49}.Debug|Any CPU.Build.0 = Debug|Any CPU
		{DB6227EC-5BDD-4F4C-A171-B1C94C8B2A49}.Release|Any CPU.ActiveCfg = Release|Any CPU
		{DB6227EC-5BDD-4F4C-A171-B1C94C8B2A49}.Release|Any CPU.Build.0 = Release|Any CPU
	EndGlobalSection
	GlobalSection(SolutionProperties) = preSolution
		HideSolutionNode = FALSE
	EndGlobalSection
	GlobalSection(ExtensibilityGlobals) = postSolution
		SolutionGuid = {5311F517-33E0-4B69-B82B-985E07944BF4}
	EndGlobalSection
EndGlobal
